
Microsoft Visual Studio Solution File, Format Version 12.00
# Visual Studio 15
VisualStudioVersion = 15.0.28010.2016
MinimumVisualStudioVersion = 10.0.40219.1
Project("{FAE04EC0-301F-11D3-BF4B-00C04F79EFBC}") = "TestFunctionApp", "TestFunctionApp\TestFunctionApp.csproj", "{3FF9CA3A-52C8-457C-A1C2-981554F7FF85}"
EndProject
Global
	GlobalSection(SolutionConfigurationPlatforms) = preSolution
		Debug|Any CPU = Debug|Any CPU
		Release|Any CPU = Release|Any CPU
	EndGlobalSection
	GlobalSection(ProjectConfigurationPlatforms) = postSolution
		{3FF9CA3A-52C8-457C-A1C2-981554F7FF85}.Debug|Any CPU.ActiveCfg = Debug|Any CPU
		{3FF9CA3A-52C8-457C-A1C2-981554F7FF85}.Debug|Any CPU.Build.0 = Debug|Any CPU
		{3FF9CA3A-52C8-457C-A1C2-981554F7FF85}.Release|Any CPU.ActiveCfg = Release|Any CPU
		{3FF9CA3A-52C8-457C-A1C2-981554F7FF85}.Release|Any CPU.Build.0 = Release|Any CPU
	EndGlobalSection
	GlobalSection(SolutionProperties) = preSolution
		HideSolutionNode = FALSE
	EndGlobalSection
	GlobalSection(ExtensibilityGlobals) = postSolution
		SolutionGuid = {CDB56EF2-2AB6-4F9C-A7AE-1D921C9B2B2D}
	EndGlobalSection
EndGlobal
